
Microsoft Visual Studio Solution File, Format Version 12.00
# Visual Studio Version 17
VisualStudioVersion = 17.14.36603.0 d17.14
MinimumVisualStudioVersion = 10.0.40219.1
Project("{FAE04EC0-301F-11D3-BF4B-00C04F79EFBC}") = "EmployeeManagement.API", "EmployeeManagement.API.csproj", "{54500FDF-98E1-471A-8C07-5F06F0B2B274}"
EndProject
Global
	GlobalSection(SolutionConfigurationPlatforms) = preSolution
		Debug|Any CPU = Debug|Any CPU
		Release|Any CPU = Release|Any CPU
	EndGlobalSection
	GlobalSection(ProjectConfigurationPlatforms) = postSolution
		{54500FDF-98E1-471A-8C07-5F06F0B2B274}.Debug|Any CPU.ActiveCfg = Debug|Any CPU
		{54500FDF-98E1-471A-8C07-5F06F0B2B274}.Debug|Any CPU.Build.0 = Debug|Any CPU
		{54500FDF-98E1-471A-8C07-5F06F0B2B274}.Release|Any CPU.ActiveCfg = Release|Any CPU
		{54500FDF-98E1-471A-8C07-5F06F0B2B274}.Release|Any CPU.Build.0 = Release|Any CPU
	EndGlobalSection
	GlobalSection(SolutionProperties) = preSolution
		HideSolutionNode = FALSE
	EndGlobalSection
	GlobalSection(ExtensibilityGlobals) = postSolution
		SolutionGuid = {9236A97B-4ED6-4465-8D54-C2E6EC6A1B97}
	EndGlobalSection
EndGlobal
